
Microsoft Visual Studio Solution File, Format Version 12.00
# Visual Studio Version 17
VisualStudioVersion = 17.3.32825.248
MinimumVisualStudioVersion = 10.0.40219.1
Project("{FAE04EC0-301F-11D3-BF4B-00C04F79EFBC}") = "bobr2", "bobr2\bobr2.csproj", "{B8974FC2-77B8-42E6-BC1C-E7801CDD4BD8}"
EndProject
Global
	GlobalSection(SolutionConfigurationPlatforms) = preSolution
		Debug|Any CPU = Debug|Any CPU
		Release|Any CPU = Release|Any CPU
	EndGlobalSection
	GlobalSection(ProjectConfigurationPlatforms) = postSolution
		{B8974FC2-77B8-42E6-BC1C-E7801CDD4BD8}.Debug|Any CPU.ActiveCfg = Debug|Any CPU
		{B8974FC2-77B8-42E6-BC1C-E7801CDD4BD8}.Debug|Any CPU.Build.0 = Debug|Any CPU
		{B8974FC2-77B8-42E6-BC1C-E7801CDD4BD8}.Release|Any CPU.ActiveCfg = Release|Any CPU
		{B8974FC2-77B8-42E6-BC1C-E7801CDD4BD8}.Release|Any CPU.Build.0 = Release|Any CPU
	EndGlobalSection
	GlobalSection(SolutionProperties) = preSolution
		HideSolutionNode = FALSE
	EndGlobalSection
	GlobalSection(ExtensibilityGlobals) = postSolution
		SolutionGuid = {1E018ABB-9725-4A9F-AD5A-C46ABF4BC70C}
	EndGlobalSection
EndGlobal
